{
  "object": {
    "pins": [
      {
        "package": "GRDB",
        "repositoryURL": "https://github.com/groue/GRDB.swift",
        "state": {
          "branch": "master",
          "revision": "98ca653c6a1841b0fa2d69980aa941354d5c9ece",
          "version": null
        }
      }
    ]
  },
  "version": 1
}
